
Microsoft Visual Studio Solution File, Format Version 12.00
# Visual Studio Version 17
VisualStudioVersion = 17.0.31903.59
MinimumVisualStudioVersion = 10.0.40219.1
Project("{9A19103F-16F7-4668-BE54-9A1E7A4F7556}") = "Domain", "VeganMenuForDummiesAPI\Domain.csproj", "{0DD78A78-29EB-483A-95F3-1E8EDE6721BE}"
EndProject
Project("{2150E333-8FDC-42A3-9474-1A3956D46DE8}") = "Solution Items", "Solution Items", "{C48437D1-E23B-465D-A81A-2B3B074CA580}"
	ProjectSection(SolutionItems) = preProject
		.editorconfig = .editorconfig
	EndProjectSection
EndProject
Project("{9A19103F-16F7-4668-BE54-9A1E7A4F7556}") = "Infrastructure", "Infrastructure\Infrastructure.csproj", "{D4F0F416-9705-43E7-968F-AFDE30E19367}"
EndProject
Project("{9A19103F-16F7-4668-BE54-9A1E7A4F7556}") = "Application", "Application\Application.csproj", "{0E5A044F-4A45-4A41-8A76-40DAF9637004}"
EndProject
Project("{9A19103F-16F7-4668-BE54-9A1E7A4F7556}") = "MenuAPI", "MenuAPI\MenuAPI.csproj", "{25365592-97AB-4EAF-92A9-8FDA6DB01AC7}"
EndProject
Project("{2150E333-8FDC-42A3-9474-1A3956D46DE8}") = "2 - Infra", "2 - Infra", "{C5CCE352-34B4-4B7D-BBAC-8ACB29755911}"
EndProject
Project("{2150E333-8FDC-42A3-9474-1A3956D46DE8}") = "Data", "Data", "{EC9EDEFB-294D-4EE9-AAC0-4AFB2C591C93}"
EndProject
Project("{2150E333-8FDC-42A3-9474-1A3956D46DE8}") = "1 - Domain", "1 - Domain", "{EDF33D92-3A22-40ED-B850-E29303815044}"
EndProject
Project("{2150E333-8FDC-42A3-9474-1A3956D46DE8}") = "3 - Application", "3 - Application", "{F64B43DC-04F1-496B-AE19-C9AF928F3D1F}"
EndProject
Project("{2150E333-8FDC-42A3-9474-1A3956D46DE8}") = "4- Presentation", "4- Presentation", "{9420AB34-61F0-41B4-96AE-4F2450395B44}"
EndProject
Global
	GlobalSection(SolutionConfigurationPlatforms) = preSolution
		Debug|Any CPU = Debug|Any CPU
		Release|Any CPU = Release|Any CPU
	EndGlobalSection
	GlobalSection(ProjectConfigurationPlatforms) = postSolution
		{0DD78A78-29EB-483A-95F3-1E8EDE6721BE}.Debug|Any CPU.ActiveCfg = Debug|Any CPU
		{0DD78A78-29EB-483A-95F3-1E8EDE6721BE}.Debug|Any CPU.Build.0 = Debug|Any CPU
		{0DD78A78-29EB-483A-95F3-1E8EDE6721BE}.Release|Any CPU.ActiveCfg = Release|Any CPU
		{0DD78A78-29EB-483A-95F3-1E8EDE6721BE}.Release|Any CPU.Build.0 = Release|Any CPU
		{D4F0F416-9705-43E7-968F-AFDE30E19367}.Debug|Any CPU.ActiveCfg = Debug|Any CPU
		{D4F0F416-9705-43E7-968F-AFDE30E19367}.Debug|Any CPU.Build.0 = Debug|Any CPU
		{D4F0F416-9705-43E7-968F-AFDE30E19367}.Release|Any CPU.ActiveCfg = Release|Any CPU
		{D4F0F416-9705-43E7-968F-AFDE30E19367}.Release|Any CPU.Build.0 = Release|Any CPU
		{0E5A044F-4A45-4A41-8A76-40DAF9637004}.Debug|Any CPU.ActiveCfg = Debug|Any CPU
		{0E5A044F-4A45-4A41-8A76-40DAF9637004}.Debug|Any CPU.Build.0 = Debug|Any CPU
		{0E5A044F-4A45-4A41-8A76-40DAF9637004}.Release|Any CPU.ActiveCfg = Release|Any CPU
		{0E5A044F-4A45-4A41-8A76-40DAF9637004}.Release|Any CPU.Build.0 = Release|Any CPU
		{25365592-97AB-4EAF-92A9-8FDA6DB01AC7}.Debug|Any CPU.ActiveCfg = Debug|Any CPU
		{25365592-97AB-4EAF-92A9-8FDA6DB01AC7}.Debug|Any CPU.Build.0 = Debug|Any CPU
		{25365592-97AB-4EAF-92A9-8FDA6DB01AC7}.Release|Any CPU.ActiveCfg = Release|Any CPU
		{25365592-97AB-4EAF-92A9-8FDA6DB01AC7}.Release|Any CPU.Build.0 = Release|Any CPU
	EndGlobalSection
	GlobalSection(SolutionProperties) = preSolution
		HideSolutionNode = FALSE
	EndGlobalSection
	GlobalSection(NestedProjects) = preSolution
		{0DD78A78-29EB-483A-95F3-1E8EDE6721BE} = {EDF33D92-3A22-40ED-B850-E29303815044}
		{D4F0F416-9705-43E7-968F-AFDE30E19367} = {EC9EDEFB-294D-4EE9-AAC0-4AFB2C591C93}
		{0E5A044F-4A45-4A41-8A76-40DAF9637004} = {F64B43DC-04F1-496B-AE19-C9AF928F3D1F}
		{25365592-97AB-4EAF-92A9-8FDA6DB01AC7} = {9420AB34-61F0-41B4-96AE-4F2450395B44}
		{EC9EDEFB-294D-4EE9-AAC0-4AFB2C591C93} = {C5CCE352-34B4-4B7D-BBAC-8ACB29755911}
	EndGlobalSection
	GlobalSection(ExtensibilityGlobals) = postSolution
		SolutionGuid = {FCA4C0EC-8CE0-421E-B3BF-9464D57A9D09}
	EndGlobalSection
EndGlobal
